
Microsoft Visual Studio Solution File, Format Version 12.00
# Visual Studio Version 16
VisualStudioVersion = 16.0.30128.74
MinimumVisualStudioVersion = 10.0.40219.1
Project("{FAE04EC0-301F-11D3-BF4B-00C04F79EFBC}") = "Tamus", "Tamus\Tamus.csproj", "{5529F79D-B79A-4FD4-812C-FA2B158AAEDC}"
EndProject
Global
	GlobalSection(SolutionConfigurationPlatforms) = preSolution
		Debug|Any CPU = Debug|Any CPU
		Release|Any CPU = Release|Any CPU
	EndGlobalSection
	GlobalSection(ProjectConfigurationPlatforms) = postSolution
		{5529F79D-B79A-4FD4-812C-FA2B158AAEDC}.Debug|Any CPU.ActiveCfg = Debug|Any CPU
		{5529F79D-B79A-4FD4-812C-FA2B158AAEDC}.Debug|Any CPU.Build.0 = Debug|Any CPU
		{5529F79D-B79A-4FD4-812C-FA2B158AAEDC}.Release|Any CPU.ActiveCfg = Release|Any CPU
		{5529F79D-B79A-4FD4-812C-FA2B158AAEDC}.Release|Any CPU.Build.0 = Release|Any CPU
	EndGlobalSection
	GlobalSection(SolutionProperties) = preSolution
		HideSolutionNode = FALSE
	EndGlobalSection
	GlobalSection(ExtensibilityGlobals) = postSolution
		SolutionGuid = {B627D224-46D6-4A85-B685-9F7E6143DF26}
	EndGlobalSection
EndGlobal
